Microsoft Visual Studio Solution File, Format Version 12.00
# Visual Studio Version 17
VisualStudioVersion = 17.5.2.0
MinimumVisualStudioVersion = 10.0.40219.1
Project("{FAE04EC0-301F-11D3-BF4B-00C04F79EFBC}") = "Loja1", "Loja1.csproj", "{AE254494-E73C-384A-5F70-28003D3B2D36}"
EndProject
Global
	GlobalSection(SolutionConfigurationPlatforms) = preSolution
		Debug|Any CPU = Debug|Any CPU
		Release|Any CPU = Release|Any CPU
	EndGlobalSection
	GlobalSection(ProjectConfigurationPlatforms) = postSolution
		{AE254494-E73C-384A-5F70-28003D3B2D36}.Debug|Any CPU.ActiveCfg = Debug|Any CPU
		{AE254494-E73C-384A-5F70-28003D3B2D36}.Debug|Any CPU.Build.0 = Debug|Any CPU
		{AE254494-E73C-384A-5F70-28003D3B2D36}.Release|Any CPU.ActiveCfg = Release|Any CPU
		{AE254494-E73C-384A-5F70-28003D3B2D36}.Release|Any CPU.Build.0 = Release|Any CPU
	EndGlobalSection
	GlobalSection(SolutionProperties) = preSolution
		HideSolutionNode = FALSE
	EndGlobalSection
	GlobalSection(ExtensibilityGlobals) = postSolution
		SolutionGuid = {202C78D2-3CC0-4BB2-9044-3B7933C9B4D9}
	EndGlobalSection
EndGlobal
