
Microsoft Visual Studio Solution File, Format Version 12.00
# Visual Studio Version 17
VisualStudioVersion = 17.14.36401.2 d17.14
MinimumVisualStudioVersion = 10.0.40219.1
Project("{FAE04EC0-301F-11D3-BF4B-00C04F79EFBC}") = "Aula01.BasicXunit", "Aula01.BasicXunit\Aula01.BasicXunit.csproj", "{83817F94-0273-4A37-97C1-1663404E90D2}"
EndProject
Project("{FAE04EC0-301F-11D3-BF4B-00C04F79EFBC}") = "Aula01.BasicXunit.Tests", "Aula01.BasicXunit.Tests\Aula01.BasicXunit.Tests.csproj", "{45B34BA0-C042-4C34-B282-B0EA4C0767F2}"
EndProject
Global
	GlobalSection(SolutionConfigurationPlatforms) = preSolution
		Debug|Any CPU = Debug|Any CPU
		Release|Any CPU = Release|Any CPU
	EndGlobalSection
	GlobalSection(ProjectConfigurationPlatforms) = postSolution
		{83817F94-0273-4A37-97C1-1663404E90D2}.Debug|Any CPU.ActiveCfg = Debug|Any CPU
		{83817F94-0273-4A37-97C1-1663404E90D2}.Debug|Any CPU.Build.0 = Debug|Any CPU
		{83817F94-0273-4A37-97C1-1663404E90D2}.Release|Any CPU.ActiveCfg = Release|Any CPU
		{83817F94-0273-4A37-97C1-1663404E90D2}.Release|Any CPU.Build.0 = Release|Any CPU
		{45B34BA0-C042-4C34-B282-B0EA4C0767F2}.Debug|Any CPU.ActiveCfg = Debug|Any CPU
		{45B34BA0-C042-4C34-B282-B0EA4C0767F2}.Debug|Any CPU.Build.0 = Debug|Any CPU
		{45B34BA0-C042-4C34-B282-B0EA4C0767F2}.Release|Any CPU.ActiveCfg = Release|Any CPU
		{45B34BA0-C042-4C34-B282-B0EA4C0767F2}.Release|Any CPU.Build.0 = Release|Any CPU
	EndGlobalSection
	GlobalSection(SolutionProperties) = preSolution
		HideSolutionNode = FALSE
	EndGlobalSection
	GlobalSection(ExtensibilityGlobals) = postSolution
		SolutionGuid = {14814A51-6D7F-414F-B7E9-8157A7E78E1D}
	EndGlobalSection
EndGlobal
