
Microsoft Visual Studio Solution File, Format Version 12.00
# Visual Studio Version 17
VisualStudioVersion = 17.14.36401.2 d17.14
MinimumVisualStudioVersion = 10.0.40219.1
Project("{FAE04EC0-301F-11D3-BF4B-00C04F79EFBC}") = "EstruturaTernaria", "EstruturaTernaria\EstruturaTernaria.csproj", "{B54BEC9B-DA7D-4EC7-A2C4-1ADE1027CBF3}"
EndProject
Global
	GlobalSection(SolutionConfigurationPlatforms) = preSolution
		Debug|Any CPU = Debug|Any CPU
		Release|Any CPU = Release|Any CPU
	EndGlobalSection
	GlobalSection(ProjectConfigurationPlatforms) = postSolution
		{B54BEC9B-DA7D-4EC7-A2C4-1ADE1027CBF3}.Debug|Any CPU.ActiveCfg = Debug|Any CPU
		{B54BEC9B-DA7D-4EC7-A2C4-1ADE1027CBF3}.Debug|Any CPU.Build.0 = Debug|Any CPU
		{B54BEC9B-DA7D-4EC7-A2C4-1ADE1027CBF3}.Release|Any CPU.ActiveCfg = Release|Any CPU
		{B54BEC9B-DA7D-4EC7-A2C4-1ADE1027CBF3}.Release|Any CPU.Build.0 = Release|Any CPU
	EndGlobalSection
	GlobalSection(SolutionProperties) = preSolution
		HideSolutionNode = FALSE
	EndGlobalSection
	GlobalSection(ExtensibilityGlobals) = postSolution
		SolutionGuid = {E4257390-3BC3-4043-B4A3-C97B77239E6A}
	EndGlobalSection
EndGlobal
