
Microsoft Visual Studio Solution File, Format Version 12.00
# Visual Studio Version 17
VisualStudioVersion = 17.14.36401.2 d17.14
MinimumVisualStudioVersion = 10.0.40219.1
Project("{FAE04EC0-301F-11D3-BF4B-00C04F79EFBC}") = "FuncoesStrings", "FuncoesStrings\FuncoesStrings.csproj", "{3D2C5B8D-6EEE-458F-B4BB-AB65B0564D0D}"
EndProject
Global
	GlobalSection(SolutionConfigurationPlatforms) = preSolution
		Debug|Any CPU = Debug|Any CPU
		Release|Any CPU = Release|Any CPU
	EndGlobalSection
	GlobalSection(ProjectConfigurationPlatforms) = postSolution
		{3D2C5B8D-6EEE-458F-B4BB-AB65B0564D0D}.Debug|Any CPU.ActiveCfg = Debug|Any CPU
		{3D2C5B8D-6EEE-458F-B4BB-AB65B0564D0D}.Debug|Any CPU.Build.0 = Debug|Any CPU
		{3D2C5B8D-6EEE-458F-B4BB-AB65B0564D0D}.Release|Any CPU.ActiveCfg = Release|Any CPU
		{3D2C5B8D-6EEE-458F-B4BB-AB65B0564D0D}.Release|Any CPU.Build.0 = Release|Any CPU
	EndGlobalSection
	GlobalSection(SolutionProperties) = preSolution
		HideSolutionNode = FALSE
	EndGlobalSection
	GlobalSection(ExtensibilityGlobals) = postSolution
		SolutionGuid = {6CF69238-7366-46BA-BAC7-E0C911E2462B}
	EndGlobalSection
EndGlobal
