Microsoft Visual Studio Solution File, Format Version 12.00
# Visual Studio Version 17
VisualStudioVersion = 17.5.2.0
MinimumVisualStudioVersion = 10.0.40219.1
Project("{FAE04EC0-301F-11D3-BF4B-00C04F79EFBC}") = "VetorDeClasse", "VetorDeClasse.csproj", "{DAF703CA-DAED-C1DF-DA1C-97DA1A06132B}"
EndProject
Global
	GlobalSection(SolutionConfigurationPlatforms) = preSolution
		Debug|Any CPU = Debug|Any CPU
		Release|Any CPU = Release|Any CPU
	EndGlobalSection
	GlobalSection(ProjectConfigurationPlatforms) = postSolution
		{DAF703CA-DAED-C1DF-DA1C-97DA1A06132B}.Debug|Any CPU.ActiveCfg = Debug|Any CPU
		{DAF703CA-DAED-C1DF-DA1C-97DA1A06132B}.Debug|Any CPU.Build.0 = Debug|Any CPU
		{DAF703CA-DAED-C1DF-DA1C-97DA1A06132B}.Release|Any CPU.ActiveCfg = Release|Any CPU
		{DAF703CA-DAED-C1DF-DA1C-97DA1A06132B}.Release|Any CPU.Build.0 = Release|Any CPU
	EndGlobalSection
	GlobalSection(SolutionProperties) = preSolution
		HideSolutionNode = FALSE
	EndGlobalSection
	GlobalSection(ExtensibilityGlobals) = postSolution
		SolutionGuid = {172F2A71-3BA7-40A4-9598-41C4130F6091}
	EndGlobalSection
EndGlobal
