Microsoft Visual Studio Solution File, Format Version 12.00
# Visual Studio Version 17
VisualStudioVersion = 17.5.2.0
MinimumVisualStudioVersion = 10.0.40219.1
Project("{FAE04EC0-301F-11D3-BF4B-00C04F79EFBC}") = "Ada.CaixaVerso.Aula02.Funcoes", "Ada.CaixaVerso.Aula02.Funcoes.csproj", "{F414944F-2BD6-A989-E398-D2FDB022D27B}"
EndProject
Global
	GlobalSection(SolutionConfigurationPlatforms) = preSolution
		Debug|Any CPU = Debug|Any CPU
		Release|Any CPU = Release|Any CPU
	EndGlobalSection
	GlobalSection(ProjectConfigurationPlatforms) = postSolution
		{F414944F-2BD6-A989-E398-D2FDB022D27B}.Debug|Any CPU.ActiveCfg = Debug|Any CPU
		{F414944F-2BD6-A989-E398-D2FDB022D27B}.Debug|Any CPU.Build.0 = Debug|Any CPU
		{F414944F-2BD6-A989-E398-D2FDB022D27B}.Release|Any CPU.ActiveCfg = Release|Any CPU
		{F414944F-2BD6-A989-E398-D2FDB022D27B}.Release|Any CPU.Build.0 = Release|Any CPU
	EndGlobalSection
	GlobalSection(SolutionProperties) = preSolution
		HideSolutionNode = FALSE
	EndGlobalSection
	GlobalSection(ExtensibilityGlobals) = postSolution
		SolutionGuid = {968E2127-3B20-4071-8C43-F481FE226697}
	EndGlobalSection
EndGlobal
