
Microsoft Visual Studio Solution File, Format Version 12.00
# Visual Studio Version 17
VisualStudioVersion = 17.14.36401.2 d17.14
MinimumVisualStudioVersion = 10.0.40219.1
Project("{FAE04EC0-301F-11D3-BF4B-00C04F79EFBC}") = "WebAppAda", "WebAppAda\WebAppAda.csproj", "{0B6431AA-078B-4904-BD62-75B08F3F44B6}"
EndProject
Global
	GlobalSection(SolutionConfigurationPlatforms) = preSolution
		Debug|Any CPU = Debug|Any CPU
		Release|Any CPU = Release|Any CPU
	EndGlobalSection
	GlobalSection(ProjectConfigurationPlatforms) = postSolution
		{0B6431AA-078B-4904-BD62-75B08F3F44B6}.Debug|Any CPU.ActiveCfg = Debug|Any CPU
		{0B6431AA-078B-4904-BD62-75B08F3F44B6}.Debug|Any CPU.Build.0 = Debug|Any CPU
		{0B6431AA-078B-4904-BD62-75B08F3F44B6}.Release|Any CPU.ActiveCfg = Release|Any CPU
		{0B6431AA-078B-4904-BD62-75B08F3F44B6}.Release|Any CPU.Build.0 = Release|Any CPU
	EndGlobalSection
	GlobalSection(SolutionProperties) = preSolution
		HideSolutionNode = FALSE
	EndGlobalSection
	GlobalSection(ExtensibilityGlobals) = postSolution
		SolutionGuid = {4509D34A-3C18-4105-9C1B-08722E29B09A}
	EndGlobalSection
EndGlobal
