Microsoft Visual Studio Solution File, Format Version 12.00
# Visual Studio Version 17
VisualStudioVersion = 17.5.2.0
MinimumVisualStudioVersion = 10.0.40219.1
Project("{FAE04EC0-301F-11D3-BF4B-00C04F79EFBC}") = "Ada.CaixaVerso.Aula01.Console", "Ada.CaixaVerso.Aula01.Console\Ada.CaixaVerso.Aula01.Console.csproj", "{7BA3F9AF-BFE7-B1A3-B51F-5A16F53AEA31}"
EndProject
Global
	GlobalSection(SolutionConfigurationPlatforms) = preSolution
		Debug|Any CPU = Debug|Any CPU
		Release|Any CPU = Release|Any CPU
	EndGlobalSection
	GlobalSection(ProjectConfigurationPlatforms) = postSolution
		{7BA3F9AF-BFE7-B1A3-B51F-5A16F53AEA31}.Debug|Any CPU.ActiveCfg = Debug|Any CPU
		{7BA3F9AF-BFE7-B1A3-B51F-5A16F53AEA31}.Debug|Any CPU.Build.0 = Debug|Any CPU
		{7BA3F9AF-BFE7-B1A3-B51F-5A16F53AEA31}.Release|Any CPU.ActiveCfg = Release|Any CPU
		{7BA3F9AF-BFE7-B1A3-B51F-5A16F53AEA31}.Release|Any CPU.Build.0 = Release|Any CPU
	EndGlobalSection
	GlobalSection(SolutionProperties) = preSolution
		HideSolutionNode = FALSE
	EndGlobalSection
	GlobalSection(ExtensibilityGlobals) = postSolution
		SolutionGuid = {4DC1AE17-BAD8-4C00-B6AF-016A63D8BD4C}
	EndGlobalSection
EndGlobal
