
Microsoft Visual Studio Solution File, Format Version 12.00
# Visual Studio Version 17
VisualStudioVersion = 17.14.36401.2 d17.14
MinimumVisualStudioVersion = 10.0.40219.1
Project("{FAE04EC0-301F-11D3-BF4B-00C04F79EFBC}") = "ApiDemo", "ApiDemo\ApiDemo.csproj", "{28D372BF-9495-49BC-87F3-8848B3E7088E}"
EndProject
Project("{FAE04EC0-301F-11D3-BF4B-00C04F79EFBC}") = "ApiDemoTests", "ApiDemoTests\ApiDemoTests.csproj", "{DF801659-9E49-4250-9922-F8A106FF3307}"
EndProject
Global
	GlobalSection(SolutionConfigurationPlatforms) = preSolution
		Debug|Any CPU = Debug|Any CPU
		Release|Any CPU = Release|Any CPU
	EndGlobalSection
	GlobalSection(ProjectConfigurationPlatforms) = postSolution
		{28D372BF-9495-49BC-87F3-8848B3E7088E}.Debug|Any CPU.ActiveCfg = Debug|Any CPU
		{28D372BF-9495-49BC-87F3-8848B3E7088E}.Debug|Any CPU.Build.0 = Debug|Any CPU
		{28D372BF-9495-49BC-87F3-8848B3E7088E}.Release|Any CPU.ActiveCfg = Release|Any CPU
		{28D372BF-9495-49BC-87F3-8848B3E7088E}.Release|Any CPU.Build.0 = Release|Any CPU
		{DF801659-9E49-4250-9922-F8A106FF3307}.Debug|Any CPU.ActiveCfg = Debug|Any CPU
		{DF801659-9E49-4250-9922-F8A106FF3307}.Debug|Any CPU.Build.0 = Debug|Any CPU
		{DF801659-9E49-4250-9922-F8A106FF3307}.Release|Any CPU.ActiveCfg = Release|Any CPU
		{DF801659-9E49-4250-9922-F8A106FF3307}.Release|Any CPU.Build.0 = Release|Any CPU
	EndGlobalSection
	GlobalSection(SolutionProperties) = preSolution
		HideSolutionNode = FALSE
	EndGlobalSection
	GlobalSection(ExtensibilityGlobals) = postSolution
		SolutionGuid = {3A50C62D-ECA6-437B-89DD-8D5A5A875E30}
	EndGlobalSection
EndGlobal
