
Microsoft Visual Studio Solution File, Format Version 12.00
# Visual Studio Version 17
VisualStudioVersion = 17.14.36401.2 d17.14
MinimumVisualStudioVersion = 10.0.40219.1
Project("{FAE04EC0-301F-11D3-BF4B-00C04F79EFBC}") = "Aula.Api", "src\Aula.Api\Aula.Api.csproj", "{4A0A6BA2-AFCB-4F28-AAF1-9E2DCBF6E64E}"
EndProject
Global
	GlobalSection(SolutionConfigurationPlatforms) = preSolution
		Debug|Any CPU = Debug|Any CPU
		Release|Any CPU = Release|Any CPU
	EndGlobalSection
	GlobalSection(ProjectConfigurationPlatforms) = postSolution
		{4A0A6BA2-AFCB-4F28-AAF1-9E2DCBF6E64E}.Debug|Any CPU.ActiveCfg = Debug|Any CPU
		{4A0A6BA2-AFCB-4F28-AAF1-9E2DCBF6E64E}.Debug|Any CPU.Build.0 = Debug|Any CPU
		{4A0A6BA2-AFCB-4F28-AAF1-9E2DCBF6E64E}.Release|Any CPU.ActiveCfg = Release|Any CPU
		{4A0A6BA2-AFCB-4F28-AAF1-9E2DCBF6E64E}.Release|Any CPU.Build.0 = Release|Any CPU
	EndGlobalSection
	GlobalSection(SolutionProperties) = preSolution
		HideSolutionNode = FALSE
	EndGlobalSection
	GlobalSection(ExtensibilityGlobals) = postSolution
		SolutionGuid = {188A1DFD-F208-4665-9F75-AB4160DDC8A9}
	EndGlobalSection
EndGlobal
