
Microsoft Visual Studio Solution File, Format Version 12.00
# Visual Studio Version 17
VisualStudioVersion = 17.14.36401.2 d17.14
MinimumVisualStudioVersion = 10.0.40219.1
Project("{FAE04EC0-301F-11D3-BF4B-00C04F79EFBC}") = "SwitchCaseSimplificado", "SwitchCaseSimplificado\SwitchCaseSimplificado.csproj", "{1C0AA7B3-D59C-4A0A-B088-E2FFA86BB739}"
EndProject
Global
	GlobalSection(SolutionConfigurationPlatforms) = preSolution
		Debug|Any CPU = Debug|Any CPU
		Release|Any CPU = Release|Any CPU
	EndGlobalSection
	GlobalSection(ProjectConfigurationPlatforms) = postSolution
		{1C0AA7B3-D59C-4A0A-B088-E2FFA86BB739}.Debug|Any CPU.ActiveCfg = Debug|Any CPU
		{1C0AA7B3-D59C-4A0A-B088-E2FFA86BB739}.Debug|Any CPU.Build.0 = Debug|Any CPU
		{1C0AA7B3-D59C-4A0A-B088-E2FFA86BB739}.Release|Any CPU.ActiveCfg = Release|Any CPU
		{1C0AA7B3-D59C-4A0A-B088-E2FFA86BB739}.Release|Any CPU.Build.0 = Release|Any CPU
	EndGlobalSection
	GlobalSection(SolutionProperties) = preSolution
		HideSolutionNode = FALSE
	EndGlobalSection
	GlobalSection(ExtensibilityGlobals) = postSolution
		SolutionGuid = {8D036D96-F668-49C6-A536-C48A1666CAB0}
	EndGlobalSection
EndGlobal
